
Microsoft Visual Studio Solution File, Format Version 12.00
# Visual Studio 14
VisualStudioVersion = 14.0.25420.1
MinimumVisualStudioVersion = 10.0.40219.1
Project("{8BC9CEB8-8B4A-11D0-8D11-00A0C91BC942}") = "mi批量导入材质", "mi批量导入材质\mi批量导入材质.vcxproj", "{F4577DD1-8C67-44D9-8B3A-85AB269E282B}"
EndProject
Global
	GlobalSection(SolutionConfigurationPlatforms) = preSolution
		Debug|x64 = Debug|x64
		Debug|x86 = Debug|x86
		Release|x64 = Release|x64
		Release|x86 = Release|x86
	EndGlobalSection
	GlobalSection(ProjectConfigurationPlatforms) = postSolution
		{F4577DD1-8C67-44D9-8B3A-85AB269E282B}.Debug|x64.ActiveCfg = Debug|x64
		{F4577DD1-8C67-44D9-8B3A-85AB269E282B}.Debug|x64.Build.0 = Debug|x64
		{F4577DD1-8C67-44D9-8B3A-85AB269E282B}.Debug|x86.ActiveCfg = Debug|Win32
		{F4577DD1-8C67-44D9-8B3A-85AB269E282B}.Debug|x86.Build.0 = Debug|Win32
		{F4577DD1-8C67-44D9-8B3A-85AB269E282B}.Release|x64.ActiveCfg = Release|x64
		{F4577DD1-8C67-44D9-8B3A-85AB269E282B}.Release|x64.Build.0 = Release|x64
		{F4577DD1-8C67-44D9-8B3A-85AB269E282B}.Release|x86.ActiveCfg = Release|Win32
		{F4577DD1-8C67-44D9-8B3A-85AB269E282B}.Release|x86.Build.0 = Release|Win32
	EndGlobalSection
	GlobalSection(SolutionProperties) = preSolution
		HideSolutionNode = FALSE
	EndGlobalSection
EndGlobal
